// !$*UTF8*$!
{
	archiveVersion = 1;
	classes = {
	};
	objectVersion = 55;
	objects = {

/* Begin PBXBuildFile section */
		D7F5E9EDA2616D61ED2A66DD /* Pods_file1.framework in Frameworks */ = {isa = PBXBuildFile; fileRef = EAA73A52D0F7D352F5E32E85 /* Pods_file1.framework */; };
		F552B03827A7F6C6009FCFA6 /* AppDelegate.swift in Sources */ = {isa = PBXBuildFile; fileRef = F552B03727A7F6C6009FCFA6 /* AppDelegate.swift */; };
		F552B03A27A7F6C6009FCFA6 /* SceneDelegate.swift in Sources */ = {isa = PBXBuildFile; fileRef = F552B03927A7F6C6009FCFA6 /* SceneDelegate.swift */; };
		F552B03C27A7F6C6009FCFA6 /* ViewController.swift in Sources */ = {isa = PBXBuildFile; fileRef = F552B03B27A7F6C6009FCFA6 /* ViewController.swift */; };
		F552B03F27A7F6C6009FCFA6 /* Main.storyboard in Resources */ = {isa = PBXBuildFile; fileRef = F552B03D27A7F6C6009FCFA6 /* Main.storyboard */; };
		F552B04127A7F6C8009FCFA6 /* Assets.xcassets in Resources */ = {isa = PBXBuildFile; fileRef = F552B04027A7F6C8009FCFA6 /* Assets.xcassets */; };
		F552B04427A7F6C8009FCFA6 /* LaunchScreen.storyboard in Resources */ = {isa = PBXBuildFile; fileRef = F552B04227A7F6C8009FCFA6 /* LaunchScreen.storyboard */; };
/* End PBXBuildFile section */

/* Begin PBXFileReference section */
		5F9DC51C4836C0A4D0F2019B /* Pods-file1.debug.xcconfig */ = {isa = PBXFileReference; includeInIndex = 1; lastKnownFileType = text.xcconfig; name = "Pods-file1.debug.xcconfig"; path = "Target Support Files/Pods-file1/Pods-file1.debug.xcconfig"; sourceTree = "<group>"; };
		6157BDB4FC83E4075EA72B54 /* Pods-file1.release.xcconfig */ = {isa = PBXFileReference; includeInIndex = 1; lastKnownFileType = text.xcconfig; name = "Pods-file1.release.xcconfig"; path = "Target Support Files/Pods-file1/Pods-file1.release.xcconfig"; sourceTree = "<group>"; };
		EAA73A52D0F7D352F5E32E85 /* Pods_file1.framework */ = {isa = PBXFileReference; explicitFileType = wrapper.framework; includeInIndex = 0; path = Pods_file1.framework; sourceTree = BUILT_PRODUCTS_DIR; };
		F552B03427A7F6C6009FCFA6 /* file1.app */ = {isa = PBXFileReference; explicitFileType = wrapper.application; includeInIndex = 0; path = file1.app; sourceTree = BUILT_PRODUCTS_DIR; };
		F552B03727A7F6C6009FCFA6 /* AppDelegate.swift */ = {isa = PBXFileReference; lastKnownFileType = sourcecode.swift; path = AppDelegate.swift; sourceTree = "<group>"; };
		F552B03927A7F6C6009FCFA6 /* SceneDelegate.swift */ = {isa = PBXFileReference; lastKnownFileType = sourcecode.swift; path = SceneDelegate.swift; sourceTree = "<group>"; };
		F552B03B27A7F6C6009FCFA6 /* ViewController.swift */ = {isa = PBXFileReference; lastKnownFileType = sourcecode.swift; path = ViewController.swift; sourceTree = "<group>"; };
		F552B03E27A7F6C6009FCFA6 /* Base */ = {isa = PBXFileReference; lastKnownFileType = file.storyboard; name = Base; path = Base.lproj/Main.storyboard; sourceTree = "<group>"; };
		F552B04027A7F6C8009FCFA6 /* Assets.xcassets */ = {isa = PBXFileReference; lastKnownFileType = folder.assetcatalog; path = Assets.xcassets; sourceTree = "<group>"; };
		F552B04327A7F6C8009FCFA6 /* Base */ = {isa = PBXFileReference; lastKnownFileType = file.storyboard; name = Base; path = Base.lproj/LaunchScreen.storyboard; sourceTree = "<group>"; };
		F552B04527A7F6C8009FCFA6 /* Info.plist */ = {isa = PBXFileReference; lastKnownFileType = text.plist.xml; path = Info.plist; sourceTree = "<group>"; };
/* End PBXFileReference section */

/* Begin PBXFrameworksBuildPhase section */
		F552B03127A7F6C6009FCFA6 /* Frameworks */ = {
			isa = PBXFrameworksBuildPhase;
			buildActionMask = 2147483647;
			files = (
				D7F5E9EDA2616D61ED2A66DD /* Pods_file1.framework in Frameworks */,
			);
			runOnlyForDeploymentPostprocessing = 0;
		};
/* End PBXFrameworksBuildPhase section */

/* Begin PBXGroup section */
		36671DE013DE685634C80711 /* Pods */ = {
			isa = PBXGroup;
			children = (
				5F9DC51C4836C0A4D0F2019B /* Pods-file1.debug.xcconfig */,
				6157BDB4FC83E4075EA72B54 /* Pods-file1.release.xcconfig */,
			);
			name = Pods;
			path = Pods;
			sourceTree = "<group>";
		};
		80250BB992D874ABC323F254 /* Frameworks */ = {
			isa = PBXGroup;
			children = (
				EAA73A52D0F7D352F5E32E85 /* Pods_file1.framework */,
			);
			name = Frameworks;
			sourceTree = "<group>";
		};
		F552B02B27A7F6C6009FCFA6 = {
			isa = PBXGroup;
			children = (
				F552B03627A7F6C6009FCFA6 /* file1 */,
				F552B03527A7F6C6009FCFA6 /* Products */,
				36671DE013DE685634C80711 /* Pods */,
				80250BB992D874ABC323F254 /* Frameworks */,
			);
			sourceTree = "<group>";
		};
		F552B03527A7F6C6009FCFA6 /* Products */ = {
			isa = PBXGroup;
			children = (
				F552B03427A7F6C6009FCFA6 /* file1.app */,
			);
			name = Products;
			sourceTree = "<group>";
		};
		F552B03627A7F6C6009FCFA6 /* file1 */ = {
			isa = PBXGroup;
			children = (
				F552B03727A7F6C6009FCFA6 /* AppDelegate.swift */,
				F552B03927A7F6C6009FCFA6 /* SceneDelegate.swift */,
				F552B03B27A7F6C6009FCFA6 /* ViewController.swift */,
				F552B03D27A7F6C6009FCFA6 /* Main.storyboard */,
				F552B04027A7F6C8009FCFA6 /* Assets.xcassets */,
				F552B04227A7F6C8009FCFA6 /* LaunchScreen.storyboard */,
				F552B04527A7F6C8009FCFA6 /* Info.plist */,
			);
			path = file1;
			sourceTree = "<group>";
		};
/* End PBXGroup section */

/* Begin PBXNativeTarget section */
		F552B03327A7F6C6009FCFA6 /* file1 */ = {
			isa = PBXNativeTarget;
			buildConfigurationList = F552B04827A7F6C8009FCFA6 /* Build configuration list for PBXNativeTarget "file1" */;
			buildPhases = (
				8B2D2F748B02394888093A67 /* [CP] Check Pods Manifest.lock */,
				F552B03027A7F6C6009FCFA6 /* Sources */,
				F552B03127A7F6C6009FCFA6 /* Frameworks */,
				F552B03227A7F6C6009FCFA6 /* Resources */,
			);
			buildRules = (
			);
			dependencies = (
			);
			name = file1;
			productName = file1;
			productReference = F552B03427A7F6C6009FCFA6 /* file1.app */;
			productType = "com.apple.product-type.application";
		};
/* End PBXNativeTarget section */

/* Begin PBXProject section */
		F552B02C27A7F6C6009FCFA6 /* Project object */ = {
			isa = PBXProject;
			attributes = {
				BuildIndependentTargetsInParallel = 1;
				LastSwiftUpdateCheck = 1320;
				LastUpgradeCheck = 1320;
				TargetAttributes = {
					F552B03327A7F6C6009FCFA6 = {
						CreatedOnToolsVersion = 13.2.1;
					};
				};
			};
			buildConfigurationList = F552B02F27A7F6C6009FCFA6 /* Build configuration list for PBXProject "file1" */;
			compatibilityVersion = "Xcode 13.0";
			developmentRegion = en;
			hasScannedForEncodings = 0;
			knownRegions = (
				en,
				Base,
			);
			mainGroup = F552B02B27A7F6C6009FCFA6;
			productRefGroup = F552B03527A7F6C6009FCFA6 /* Products */;
			projectDirPath = "";
			projectRoot = "";
			targets = (
				F552B03327A7F6C6009FCFA6 /* file1 */,
			);
		};
/* End PBXProject section */

/* Begin PBXResourcesBuildPhase section */
		F552B03227A7F6C6009FCFA6 /* Resources */ = {
			isa = PBXResourcesBuildPhase;
			buildActionMask = 2147483647;
			files = (
				F552B04427A7F6C8009FCFA6 /* LaunchScreen.storyboard in Resources */,
				F552B04127A7F6C8009FCFA6 /* Assets.xcassets in Resources */,
				F552B03F27A7F6C6009FCFA6 /* Main.storyboard in Resources */,
			);
			runOnlyForDeploymentPostprocessing = 0;
		};
/* End PBXResourcesBuildPhase section */

/* Begin PBXShellScriptBuildPhase section */
		8B2D2F748B02394888093A67 /* [CP] Check Pods Manifest.lock */ = {
			isa = PBXShellScriptBuildPhase;
			buildActionMask = 2147483647;
			files = (
			);
			inputFileListPaths = (
			);
			inputPaths = (
				"${PODS_PODFILE_DIR_PATH}/Podfile.lock",
				"${PODS_ROOT}/Manifest.lock",
			);
			name = "[CP] Check Pods Manifest.lock";
			outputFileListPaths = (
			);
			outputPaths = (
				"$(DERIVED_FILE_DIR)/Pods-file1-checkManifestLockResult.txt",
			);
			runOnlyForDeploymentPostprocessing = 0;
			shellPath = /bin/sh;
			shellScript = "diff \"${PODS_PODFILE_DIR_PATH}/Podfile.lock\" \"${PODS_ROOT}/Manifest.lock\" > /dev/null\nif [ $? != 0 ] ; then\n    # print error to STDERR\n    echo \"error: The sandbox is not in sync with the Podfile.lock. Run 'pod install' or update your CocoaPods installation.\" >&2\n    exit 1\nfi\n# This output is used by Xcode 'outputs' to avoid re-running this script phase.\necho \"SUCCESS\" > \"${SCRIPT_OUTPUT_FILE_0}\"\n";
			showEnvVarsInLog = 0;
		};
/* End PBXShellScriptBuildPhase section */

/* Begin PBXSourcesBuildPhase section */
		F552B03027A7F6C6009FCFA6 /* Sources */ = {
			isa = PBXSourcesBuildPhase;
			buildActionMask = 2147483647;
			files = (
				F552B03C27A7F6C6009FCFA6 /* ViewController.swift in Sources */,
				F552B03827A7F6C6009FCFA6 /* AppDelegate.swift in Sources */,
				F552B03A27A7F6C6009FCFA6 /* SceneDelegate.swift in Sources */,
			);
			runOnlyForDeploymentPostprocessing = 0;
		};
/* End PBXSourcesBuildPhase section */

/* Begin PBXVariantGroup section */
		F552B03D27A7F6C6009FCFA6 /* Main.storyboard */ = {
			isa = PBXVariantGroup;
			children = (
				F552B03E27A7F6C6009FCFA6 /* Base */,
			);
			name = Main.storyboard;
			sourceTree = "<group>";
		};
		F552B04227A7F6C8009FCFA6 /* LaunchScreen.storyboard */ = {
			isa = PBXVariantGroup;
			children = (
				F552B04327A7F6C8009FCFA6 /* Base */,
			);
			name = LaunchScreen.storyboard;
			sourceTree = "<group>";
		};
/* End PBXVariantGroup section */

/* Begin XCBuildConfiguration section */
		F552B04627A7F6C8009FCFA6 /* Debug */ = {
			isa = XCBuildConfiguration;
			buildSettings = {
				ALWAYS_SEARCH_USER_PATHS = NO;
				CLANG_ANALYZER_NONNULL = YES;
				CLANG_ANALYZER_NUMBER_OBJECT_CONVERSION = YES_AGGRESSIVE;
				CLANG_CXX_LANGUAGE_STANDARD = "gnu++17";
				CLANG_CXX_LIBRARY = "libc++";
				CLANG_ENABLE_MODULES = YES;
				CLANG_ENABLE_OBJC_ARC = YES;
				CLANG_ENABLE_OBJC_WEAK = YES;
				CLANG_WARN_BLOCK_CAPTURE_AUTORELEASING = YES;
				CLANG_WARN_BOOL_CONVERSION = YES;
				CLANG_WARN_COMMA = YES;
				CLANG_WARN_CONSTANT_CONVERSION = YES;
				CLANG_WARN_DEPRECATED_OBJC_IMPLEMENTATIONS = YES;
				CLANG_WARN_DIRECT_OBJC_ISA_USAGE = YES_ERROR;
				CLANG_WARN_DOCUMENTATION_COMMENTS = YES;
				CLANG_WARN_EMPTY_BODY = YES;
				CLANG_WARN_ENUM_CONVERSION = YES;
				CLANG_WARN_INFINITE_RECURSION = YES;
				CLANG_WARN_INT_CONVERSION = YES;
				CLANG_WARN_NON_LITERAL_NULL_CONVERSION = YES;
				CLANG_WARN_OBJC_IMPLICIT_RETAIN_SELF = YES;
				CLANG_WARN_OBJC_LITERAL_CONVERSION = YES;
				CLANG_WARN_OBJC_ROOT_CLASS = YES_ERROR;
				CLANG_WARN_QUOTED_INCLUDE_IN_FRAMEWORK_HEADER = YES;
				CLANG_WARN_RANGE_LOOP_ANALYSIS = YES;
				CLANG_WARN_STRICT_PROTOTYPES = YES;
				CLANG_WARN_SUSPICIOUS_MOVE = YES;
				CLANG_WARN_UNGUARDED_AVAILABILITY = YES_AGGRESSIVE;
				CLANG_WARN_UNREACHABLE_CODE = YES;
				CLANG_WARN__DUPLICATE_METHOD_MATCH = YES;
				COPY_PHASE_STRIP = NO;
				DEBUG_INFORMATION_FORMAT = dwarf;
				ENABLE_STRICT_OBJC_MSGSEND = YES;
				ENABLE_TESTABILITY = YES;
				GCC_C_LANGUAGE_STANDARD = gnu11;
				GCC_DYNAMIC_NO_PIC = NO;
				GCC_NO_COMMON_BLOCKS = YES;
				GCC_OPTIMIZATION_LEVEL = 0;
				GCC_PREPROCESSOR_DEFINITIONS = (
					"DEBUG=1",
					"$(inherited)",
				);
				GCC_WARN_64_TO_32_BIT_CONVERSION = YES;
				GCC_WARN_ABOUT_RETURN_TYPE = YES_ERROR;
				GCC_WARN_UNDECLARED_SELECTOR = YES;
				GCC_WARN_UNINITIALIZED_AUTOS = YES_AGGRESSIVE;
				GCC_WARN_UNUSED_FUNCTION = YES;
				GCC_WARN_UNUSED_VARIABLE = YES;
				IPHONEOS_DEPLOYMENT_TARGET = 15.2;
				MTL_ENABLE_DEBUG_INFO = INCLUDE_SOURCE;
				MTL_FAST_MATH = YES;
				ONLY_ACTIVE_ARCH = YES;
				SDKROOT = iphoneos;
				SWIFT_ACTIVE_COMPILATION_CONDITIONS = DEBUG;
				SWIFT_OPTIMIZATION_LEVEL = "-Onone";
			};
			name = Debug;
		};
		F552B04727A7F6C8009FCFA6 /* Release */ = {
			isa = XCBuildConfiguration;
			buildSettings = {
				ALWAYS_SEARCH_USER_PATHS = NO;
				CLANG_ANALYZER_NONNULL = YES;
				CLANG_ANALYZER_NUMBER_OBJECT_CONVERSION = YES_AGGRESSIVE;
				CLANG_CXX_LANGUAGE_STANDARD = "gnu++17";
				CLANG_CXX_LIBRARY = "libc++";
				CLANG_ENABLE_MODULES = YES;
				CLANG_ENABLE_OBJC_ARC = YES;
				CLANG_ENABLE_OBJC_WEAK = YES;
				CLANG_WARN_BLOCK_CAPTURE_AUTORELEASING = YES;
				CLANG_WARN_BOOL_CONVERSION = YES;
				CLANG_WARN_COMMA = YES;
				CLANG_WARN_CONSTANT_CONVERSION = YES;
				CLANG_WARN_DEPRECATED_OBJC_IMPLEMENTATIONS = YES;
				CLANG_WARN_DIRECT_OBJC_ISA_USAGE = YES_ERROR;
				CLANG_WARN_DOCUMENTATION_COMMENTS = YES;
				CLANG_WARN_EMPTY_BODY = YES;
				CLANG_WARN_ENUM_CONVERSION = YES;
				CLANG_WARN_INFINITE_RECURSION = YES;
				CLANG_WARN_INT_CONVERSION = YES;
				CLANG_WARN_NON_LITERAL_NULL_CONVERSION = YES;
				CLANG_WARN_OBJC_IMPLICIT_RETAIN_SELF = YES;
				CLANG_WARN_OBJC_LITERAL_CONVERSION = YES;
				CLANG_WARN_OBJC_ROOT_CLASS = YES_ERROR;
				CLANG_WARN_QUOTED_INCLUDE_IN_FRAMEWORK_HEADER = YES;
				CLANG_WARN_RANGE_LOOP_ANALYSIS = YES;
				CLANG_WARN_STRICT_PROTOTYPES = YES;
				CLANG_WARN_SUSPICIOUS_MOVE = YES;
				CLANG_WARN_UNGUARDED_AVAILABILITY = YES_AGGRESSIVE;
				CLANG_WARN_UNREACHABLE_CODE = YES;
				CLANG_WARN__DUPLICATE_METHOD_MATCH = YES;
				COPY_PHASE_STRIP = NO;
				DEBUG_INFORMATION_FORMAT = "dwarf-with-dsym";
				ENABLE_NS_ASSERTIONS = NO;
				ENABLE_STRICT_OBJC_MSGSEND = YES;
				GCC_C_LANGUAGE_STANDARD = gnu11;
				GCC_NO_COMMON_BLOCKS = YES;
				GCC_WARN_64_TO_32_BIT_CONVERSION = YES;
				GCC_WARN_ABOUT_RETURN_TYPE = YES_ERROR;
				GCC_WARN_UNDECLARED_SELECTOR = YES;
				GCC_WARN_UNINITIALIZED_AUTOS = YES_AGGRESSIVE;
				GCC_WARN_UNUSED_FUNCTION = YES;
				GCC_WARN_UNUSED_VARIABLE = YES;
				IPHONEOS_DEPLOYMENT_TARGET = 15.2;
				MTL_ENABLE_DEBUG_INFO = NO;
				MTL_FAST_MATH = YES;
				SDKROOT = iphoneos;
				SWIFT_COMPILATION_MODE = wholemodule;
				SWIFT_OPTIMIZATION_LEVEL = "-O";
				VALIDATE_PRODUCT = YES;
			};
			name = Release;
		};
		F552B04927A7F6C8009FCFA6 /* Debug */ = {
			isa = XCBuildConfiguration;
			baseConfigurationReference = 5F9DC51C4836C0A4D0F2019B /* Pods-file1.debug.xcconfig */;
			buildSettings = {
				ASSETCATALOG_COMPILER_APPICON_NAME = AppIcon;
				ASSETCATALOG_COMPILER_GLOBAL_ACCENT_COLOR_NAME = AccentColor;
				CODE_SIGN_STYLE = Automatic;
				CURRENT_PROJECT_VERSION = 1;
				GENERATE_INFOPLIST_FILE = YES;
				INFOPLIST_FILE = file1/Info.plist;
				INFOPLIST_KEY_UIApplicationSupportsIndirectInputEvents = YES;
				INFOPLIST_KEY_UILaunchStoryboardName = LaunchScreen;
				INFOPLIST_KEY_UIMainStoryboardFile = Main;
				INFOPLIST_KEY_UISupportedInterfaceOrientations_iPad = "UIInterfaceOrientationPortrait UIInterfaceOrientationPortraitUpsideDown UIInterfaceOrientationLandscapeLeft UIInterfaceOrientationLandscapeRight";
				INFOPLIST_KEY_UISupportedInterfaceOrientations_iPhone = "UIInterfaceOrientationPortrait UIInterfaceOrientationLandscapeLeft UIInterfaceOrientationLandscapeRight";
				LD_RUNPATH_SEARCH_PATHS = (
					"$(inherited)",
					"@executable_path/Frameworks",
				);
				MARKETING_VERSION = 1.0;
				PRODUCT_BUNDLE_IDENTIFIER = samir.file1;
				PRODUCT_NAME = "$(TARGET_NAME)";
				SWIFT_EMIT_LOC_STRINGS = YES;
				SWIFT_VERSION = 5.0;
				TARGETED_DEVICE_FAMILY = "1,2";
			};
			name = Debug;
		};
		F552B04A27A7F6C8009FCFA6 /* Release */ = {
			isa = XCBuildConfiguration;
			baseConfigurationReference = 6157BDB4FC83E4075EA72B54 /* Pods-file1.release.xcconfig */;
			buildSettings = {
				ASSETCATALOG_COMPILER_APPICON_NAME = AppIcon;
				ASSETCATALOG_COMPILER_GLOBAL_ACCENT_COLOR_NAME = AccentColor;
				CODE_SIGN_STYLE = Automatic;
				CURRENT_PROJECT_VERSION = 1;
				GENERATE_INFOPLIST_FILE = YES;
				INFOPLIST_FILE = file1/Info.plist;
				INFOPLIST_KEY_UIApplicationSupportsIndirectInputEvents = YES;
				INFOPLIST_KEY_UILaunchStoryboardName = LaunchScreen;
				INFOPLIST_KEY_UIMainStoryboardFile = Main;
				INFOPLIST_KEY_UISupportedInterfaceOrientations_iPad = "UIInterfaceOrientationPortrait UIInterfaceOrientationPortraitUpsideDown UIInterfaceOrientationLandscapeLeft UIInterfaceOrientationLandscapeRight";
				INFOPLIST_KEY_UISupportedInterfaceOrientations_iPhone = "UIInterfaceOrientationPortrait UIInterfaceOrientationLandscapeLeft UIInterfaceOrientationLandscapeRight";
				LD_RUNPATH_SEARCH_PATHS = (
					"$(inherited)",
					"@executable_path/Frameworks",
				);
				MARKETING_VERSION = 1.0;
				PRODUCT_BUNDLE_IDENTIFIER = samir.file1;
				PRODUCT_NAME = "$(TARGET_NAME)";
				SWIFT_EMIT_LOC_STRINGS = YES;
				SWIFT_VERSION = 5.0;
				TARGETED_DEVICE_FAMILY = "1,2";
			};
			name = Release;
		};
/* End XCBuildConfiguration section */

/* Begin XCConfigurationList section */
		F552B02F27A7F6C6009FCFA6 /* Build configuration list for PBXProject "file1" */ = {
			isa = XCConfigurationList;
			buildConfigurations = (
				F552B04627A7F6C8009FCFA6 /* Debug */,
				F552B04727A7F6C8009FCFA6 /* Release */,
			);
			defaultConfigurationIsVisible = 0;
			defaultConfigurationName = Release;
		};
		F552B04827A7F6C8009FCFA6 /* Build configuration list for PBXNativeTarget "file1" */ = {
			isa = XCConfigurationList;
			buildConfigurations = (
				F552B04927A7F6C8009FCFA6 /* Debug */,
				F552B04A27A7F6C8009FCFA6 /* Release */,
			);
			defaultConfigurationIsVisible = 0;
			defaultConfigurationName = Release;
		};
/* End XCConfigurationList section */
	};
	rootObject = F552B02C27A7F6C6009FCFA6 /* Project object */;
}
